PODS:
  - ResourceUtilityClass (0.1.9):
    - ResourceUtilityClass/Header_M (= 0.1.9)
    - ResourceUtilityClass/Object_M (= 0.1.9)
    - ResourceUtilityClass/Plist_M (= 0.1.9)
    - ResourceUtilityClass/Tool_M (= 0.1.9)
  - ResourceUtilityClass/Header_M (0.1.9)
  - ResourceUtilityClass/Object_M (0.1.9)
  - ResourceUtilityClass/Plist_M (0.1.9)
  - ResourceUtilityClass/Tool_M (0.1.9)

DEPENDENCIES:
  - ResourceUtilityClass (from `../Example`)

EXTERNAL SOURCES:
  ResourceUtilityClass:
    :path: "../Example"

SPEC CHECKSUMS:
  ResourceUtilityClass: 61e4d1ec6822c835a43dfede4fb6840ff3002b60

PODFILE CHECKSUM: 0a6aeb327677813197d3465aa3cefb3de21fd501

COCOAPODS: 1.5.3
