PODS:
  - ResourceUtilityClass (0.1.5)

DEPENDENCIES:
  - ResourceUtilityClass (from `../Example`)

EXTERNAL SOURCES:
  ResourceUtilityClass:
    :path: "../Example"

SPEC CHECKSUMS:
  ResourceUtilityClass: 11b654231a495e262b1037b93dde4a73a089588a

PODFILE CHECKSUM: 0a6aeb327677813197d3465aa3cefb3de21fd501

COCOAPODS: 1.5.3
