// !$*UTF8*$!
{
	archiveVersion = 1;
	classes = {
	};
	objectVersion = 50;
	objects = {

/* Begin PBXBuildFile section */
		0571C762FD82AC5B96A9F259 /* Pods_Example.framework in Frameworks */ = {isa = PBXBuildFile; fileRef = DA938D9647761E432ACE1786 /* Pods_Example.framework */; };
		A909184222CB0BFB003A5E96 /* AppDelegate.m in Sources */ = {isa = PBXBuildFile; fileRef = A909184122CB0BFB003A5E96 /* AppDelegate.m */; };
		A909184822CB0BFB003A5E96 /* Main.storyboard in Resources */ = {isa = PBXBuildFile; fileRef = A909184622CB0BFB003A5E96 /* Main.storyboard */; };
		A909184D22CB0BFB003A5E96 /* LaunchScreen.storyboard in Resources */ = {isa = PBXBuildFile; fileRef = A909184B22CB0BFB003A5E96 /* LaunchScreen.storyboard */; };
		A909185022CB0BFB003A5E96 /* main.m in Sources */ = {isa = PBXBuildFile; fileRef = A909184F22CB0BFB003A5E96 /* main.m */; };
		A909185A22CB0BFC003A5E96 /* ExampleTests.m in Sources */ = {isa = PBXBuildFile; fileRef = A909185922CB0BFC003A5E96 /* ExampleTests.m */; };
		A909186522CB0BFC003A5E96 /* ExampleUITests.m in Sources */ = {isa = PBXBuildFile; fileRef = A909186422CB0BFC003A5E96 /* ExampleUITests.m */; };
		A909187422CB0CF9003A5E96 /* ResourceUtilityClass.podspec in Resources */ = {isa = PBXBuildFile; fileRef = A909187322CB0CF9003A5E96 /* ResourceUtilityClass.podspec */; };
		A956A81622CF2539004EE4CB /* Tool.m in Sources */ = {isa = PBXBuildFile; fileRef = A956A7F622CF2538004EE4CB /* Tool.m */; };
		A956A81722CF2539004EE4CB /* Helper.m in Sources */ = {isa = PBXBuildFile; fileRef = A956A7F722CF2538004EE4CB /* Helper.m */; };
		A956A81822CF2539004EE4CB /* NSDate+TimeInterVal.m in Sources */ = {isa = PBXBuildFile; fileRef = A956A7FB22CF2538004EE4CB /* NSDate+TimeInterVal.m */; };
		A956A81922CF2539004EE4CB /* NSMutableAttributedString+Tool.m in Sources */ = {isa = PBXBuildFile; fileRef = A956A7FE22CF2538004EE4CB /* NSMutableAttributedString+Tool.m */; };
		A956A81A22CF2539004EE4CB /* UIView+Layout.m in Sources */ = {isa = PBXBuildFile; fileRef = A956A7FF22CF2538004EE4CB /* UIView+Layout.m */; };
		A956A81B22CF2539004EE4CB /* NSString+Tool.m in Sources */ = {isa = PBXBuildFile; fileRef = A956A80022CF2538004EE4CB /* NSString+Tool.m */; };
		A956A81C22CF2539004EE4CB /* NSArray+Tool.m in Sources */ = {isa = PBXBuildFile; fileRef = A956A80222CF2538004EE4CB /* NSArray+Tool.m */; };
		A956A81D22CF2539004EE4CB /* UIImage+Tool.m in Sources */ = {isa = PBXBuildFile; fileRef = A956A80422CF2538004EE4CB /* UIImage+Tool.m */; };
		A956A81E22CF2539004EE4CB /* NSDictionary+Tool.m in Sources */ = {isa = PBXBuildFile; fileRef = A956A80522CF2538004EE4CB /* NSDictionary+Tool.m */; };
		A956A82022CF2539004EE4CB /* locationCitydict.plist in Resources */ = {isa = PBXBuildFile; fileRef = A956A80A22CF2538004EE4CB /* locationCitydict.plist */; };
		A956A82122CF2539004EE4CB /* citySearch.plist in Resources */ = {isa = PBXBuildFile; fileRef = A956A80B22CF2538004EE4CB /* citySearch.plist */; };
		A956A82222CF2539004EE4CB /* citySelect.plist in Resources */ = {isa = PBXBuildFile; fileRef = A956A80C22CF2538004EE4CB /* citySelect.plist */; };
		A956A82422CF2539004EE4CB /* Image.xcassets in Resources */ = {isa = PBXBuildFile; fileRef = A956A81422CF2538004EE4CB /* Image.xcassets */; };
		A956A82522CF2539004EE4CB /* .gitkeep in Resources */ = {isa = PBXBuildFile; fileRef = A956A81522CF2538004EE4CB /* .gitkeep */; };
		A956A84E22CF3CE3004EE4CB /* ViewController.m in Sources */ = {isa = PBXBuildFile; fileRef = A956A84D22CF3CE3004EE4CB /* ViewController.m */; };
/* End PBXBuildFile section */

/* Begin PBXContainerItemProxy section */
		A909185622CB0BFC003A5E96 /* PBXContainerItemProxy */ = {
			isa = PBXContainerItemProxy;
			containerPortal = A909183522CB0BFA003A5E96 /* Project object */;
			proxyType = 1;
			remoteGlobalIDString = A909183C22CB0BFB003A5E96;
			remoteInfo = Example;
		};
		A909186122CB0BFC003A5E96 /* PBXContainerItemProxy */ = {
			isa = PBXContainerItemProxy;
			containerPortal = A909183522CB0BFA003A5E96 /* Project object */;
			proxyType = 1;
			remoteGlobalIDString = A909183C22CB0BFB003A5E96;
			remoteInfo = Example;
		};
/* End PBXContainerItemProxy section */

/* Begin PBXFileReference section */
		6F73C1B81088ED034F81F69C /* Pods-Example.release.xcconfig */ = {isa = PBXFileReference; includeInIndex = 1; lastKnownFileType = text.xcconfig; name = "Pods-Example.release.xcconfig"; path = "Pods/Target Support Files/Pods-Example/Pods-Example.release.xcconfig"; sourceTree = "<group>"; };
		A909183D22CB0BFB003A5E96 /* Example.app */ = {isa = PBXFileReference; explicitFileType = wrapper.application; includeInIndex = 0; path = Example.app; sourceTree = BUILT_PRODUCTS_DIR; };
		A909184022CB0BFB003A5E96 /* AppDelegate.h */ = {isa = PBXFileReference; lastKnownFileType = sourcecode.c.h; path = AppDelegate.h; sourceTree = "<group>"; };
		A909184122CB0BFB003A5E96 /* AppDelegate.m */ = {isa = PBXFileReference; lastKnownFileType = sourcecode.c.objc; path = AppDelegate.m; sourceTree = "<group>"; };
		A909184722CB0BFB003A5E96 /* Base */ = {isa = PBXFileReference; lastKnownFileType = file.storyboard; name = Base; path = Base.lproj/Main.storyboard; sourceTree = "<group>"; };
		A909184C22CB0BFB003A5E96 /* Base */ = {isa = PBXFileReference; lastKnownFileType = file.storyboard; name = Base; path = Base.lproj/LaunchScreen.storyboard; sourceTree = "<group>"; };
		A909184E22CB0BFB003A5E96 /* Info.plist */ = {isa = PBXFileReference; lastKnownFileType = text.plist.xml; path = Info.plist; sourceTree = "<group>"; };
		A909184F22CB0BFB003A5E96 /* main.m */ = {isa = PBXFileReference; lastKnownFileType = sourcecode.c.objc; path = main.m; sourceTree = "<group>"; };
		A909185522CB0BFC003A5E96 /* ExampleTests.xctest */ = {isa = PBXFileReference; explicitFileType = wrapper.cfbundle; includeInIndex = 0; path = ExampleTests.xctest; sourceTree = BUILT_PRODUCTS_DIR; };
		A909185922CB0BFC003A5E96 /* ExampleTests.m */ = {isa = PBXFileReference; lastKnownFileType = sourcecode.c.objc; path = ExampleTests.m; sourceTree = "<group>"; };
		A909185B22CB0BFC003A5E96 /* Info.plist */ = {isa = PBXFileReference; lastKnownFileType = text.plist.xml; path = Info.plist; sourceTree = "<group>"; };
		A909186022CB0BFC003A5E96 /* ExampleUITests.xctest */ = {isa = PBXFileReference; explicitFileType = wrapper.cfbundle; includeInIndex = 0; path = ExampleUITests.xctest; sourceTree = BUILT_PRODUCTS_DIR; };
		A909186422CB0BFC003A5E96 /* ExampleUITests.m */ = {isa = PBXFileReference; lastKnownFileType = sourcecode.c.objc; path = ExampleUITests.m; sourceTree = "<group>"; };
		A909186622CB0BFC003A5E96 /* Info.plist */ = {isa = PBXFileReference; lastKnownFileType = text.plist.xml; path = Info.plist; sourceTree = "<group>"; };
		A909187322CB0CF9003A5E96 /* ResourceUtilityClass.podspec */ = {isa = PBXFileReference; fileEncoding = 4; lastKnownFileType = text; path = ResourceUtilityClass.podspec; sourceTree = SOURCE_ROOT; xcLanguageSpecificationIdentifier = xcode.lang.ruby; };
		A956A7F322CF2538004EE4CB /* ResourceUtilityClass.h */ = {isa = PBXFileReference; fileEncoding = 4; lastKnownFileType = sourcecode.c.h; path = ResourceUtilityClass.h; sourceTree = "<group>"; };
		A956A7F522CF2538004EE4CB /* Helper.h */ = {isa = PBXFileReference; fileEncoding = 4; lastKnownFileType = sourcecode.c.h; path = Helper.h; sourceTree = "<group>"; };
		A956A7F622CF2538004EE4CB /* Tool.m */ = {isa = PBXFileReference; fileEncoding = 4; lastKnownFileType = sourcecode.c.objc; path = Tool.m; sourceTree = "<group>"; };
		A956A7F722CF2538004EE4CB /* Helper.m */ = {isa = PBXFileReference; fileEncoding = 4; lastKnownFileType = sourcecode.c.objc; path = Helper.m; sourceTree = "<group>"; };
		A956A7F822CF2538004EE4CB /* Tool.h */ = {isa = PBXFileReference; fileEncoding = 4; lastKnownFileType = sourcecode.c.h; path = Tool.h; sourceTree = "<group>"; };
		A956A7FA22CF2538004EE4CB /* NSArray+Tool.h */ = {isa = PBXFileReference; fileEncoding = 4; lastKnownFileType = sourcecode.c.h; path = "NSArray+Tool.h"; sourceTree = "<group>"; };
		A956A7FB22CF2538004EE4CB /* NSDate+TimeInterVal.m */ = {isa = PBXFileReference; fileEncoding = 4; lastKnownFileType = sourcecode.c.objc; path = "NSDate+TimeInterVal.m"; sourceTree = "<group>"; };
		A956A7FC22CF2538004EE4CB /* NSDictionary+Tool.h */ = {isa = PBXFileReference; fileEncoding = 4; lastKnownFileType = sourcecode.c.h; path = "NSDictionary+Tool.h"; sourceTree = "<group>"; };
		A956A7FD22CF2538004EE4CB /* UIImage+Tool.h */ = {isa = PBXFileReference; fileEncoding = 4; lastKnownFileType = sourcecode.c.h; path = "UIImage+Tool.h"; sourceTree = "<group>"; };
		A956A7FE22CF2538004EE4CB /* NSMutableAttributedString+Tool.m */ = {isa = PBXFileReference; fileEncoding = 4; lastKnownFileType = sourcecode.c.objc; path = "NSMutableAttributedString+Tool.m"; sourceTree = "<group>"; };
		A956A7FF22CF2538004EE4CB /* UIView+Layout.m */ = {isa = PBXFileReference; fileEncoding = 4; lastKnownFileType = sourcecode.c.objc; path = "UIView+Layout.m"; sourceTree = "<group>"; };
		A956A80022CF2538004EE4CB /* NSString+Tool.m */ = {isa = PBXFileReference; fileEncoding = 4; lastKnownFileType = sourcecode.c.objc; path = "NSString+Tool.m"; sourceTree = "<group>"; };
		A956A80122CF2538004EE4CB /* NSDate+TimeInterVal.h */ = {isa = PBXFileReference; fileEncoding = 4; lastKnownFileType = sourcecode.c.h; path = "NSDate+TimeInterVal.h"; sourceTree = "<group>"; };
		A956A80222CF2538004EE4CB /* NSArray+Tool.m */ = {isa = PBXFileReference; fileEncoding = 4; lastKnownFileType = sourcecode.c.objc; path = "NSArray+Tool.m"; sourceTree = "<group>"; };
		A956A80322CF2538004EE4CB /* NSMutableAttributedString+Tool.h */ = {isa = PBXFileReference; fileEncoding = 4; lastKnownFileType = sourcecode.c.h; path = "NSMutableAttributedString+Tool.h"; sourceTree = "<group>"; };
		A956A80422CF2538004EE4CB /* UIImage+Tool.m */ = {isa = PBXFileReference; fileEncoding = 4; lastKnownFileType = sourcecode.c.objc; path = "UIImage+Tool.m"; sourceTree = "<group>"; };
		A956A80522CF2538004EE4CB /* NSDictionary+Tool.m */ = {isa = PBXFileReference; fileEncoding = 4; lastKnownFileType = sourcecode.c.objc; path = "NSDictionary+Tool.m"; sourceTree = "<group>"; };
		A956A80622CF2538004EE4CB /* UIView+Layout.h */ = {isa = PBXFileReference; fileEncoding = 4; lastKnownFileType = sourcecode.c.h; path = "UIView+Layout.h"; sourceTree = "<group>"; };
		A956A80722CF2538004EE4CB /* NSString+Tool.h */ = {isa = PBXFileReference; fileEncoding = 4; lastKnownFileType = sourcecode.c.h; path = "NSString+Tool.h"; sourceTree = "<group>"; };
		A956A80A22CF2538004EE4CB /* locationCitydict.plist */ = {isa = PBXFileReference; fileEncoding = 4; lastKnownFileType = text.plist.xml; path = locationCitydict.plist; sourceTree = "<group>"; };
		A956A80B22CF2538004EE4CB /* citySearch.plist */ = {isa = PBXFileReference; fileEncoding = 4; lastKnownFileType = text.plist.xml; path = citySearch.plist; sourceTree = "<group>"; };
		A956A80C22CF2538004EE4CB /* citySelect.plist */ = {isa = PBXFileReference; fileEncoding = 4; lastKnownFileType = text.plist.xml; path = citySelect.plist; sourceTree = "<group>"; };
		A956A80F22CF2538004EE4CB /* RequestAPIHeader.h */ = {isa = PBXFileReference; fileEncoding = 4; lastKnownFileType = sourcecode.c.h; path = RequestAPIHeader.h; sourceTree = "<group>"; };
		A956A81022CF2538004EE4CB /* MacroHeader.h */ = {isa = PBXFileReference; fileEncoding = 4; lastKnownFileType = sourcecode.c.h; path = MacroHeader.h; sourceTree = "<group>"; };
		A956A81422CF2538004EE4CB /* Image.xcassets */ = {isa = PBXFileReference; lastKnownFileType = folder.assetcatalog; path = Image.xcassets; sourceTree = "<group>"; };
		A956A81522CF2538004EE4CB /* .gitkeep */ = {isa = PBXFileReference; fileEncoding = 4; lastKnownFileType = text; path = .gitkeep; sourceTree = "<group>"; };
		A956A84C22CF3CE3004EE4CB /* ViewController.h */ = {isa = PBXFileReference; lastKnownFileType = sourcecode.c.h; path = ViewController.h; sourceTree = "<group>"; };
		A956A84D22CF3CE3004EE4CB /* ViewController.m */ = {isa = PBXFileReference; lastKnownFileType = sourcecode.c.objc; path = ViewController.m; sourceTree = "<group>"; };
		DA938D9647761E432ACE1786 /* Pods_Example.framework */ = {isa = PBXFileReference; explicitFileType = wrapper.framework; includeInIndex = 0; path = Pods_Example.framework; sourceTree = BUILT_PRODUCTS_DIR; };
		E97B1DD3BDE9DF1236EDCE05 /* Pods-Example.debug.xcconfig */ = {isa = PBXFileReference; includeInIndex = 1; lastKnownFileType = text.xcconfig; name = "Pods-Example.debug.xcconfig"; path = "Pods/Target Support Files/Pods-Example/Pods-Example.debug.xcconfig"; sourceTree = "<group>"; };
/* End PBXFileReference section */

/* Begin PBXFrameworksBuildPhase section */
		A909183A22CB0BFB003A5E96 /* Frameworks */ = {
			isa = PBXFrameworksBuildPhase;
			buildActionMask = 2147483647;
			files = (
				0571C762FD82AC5B96A9F259 /* Pods_Example.framework in Frameworks */,
			);
			runOnlyForDeploymentPostprocessing = 0;
		};
		A909185222CB0BFC003A5E96 /* Frameworks */ = {
			isa = PBXFrameworksBuildPhase;
			buildActionMask = 2147483647;
			files = (
			);
			runOnlyForDeploymentPostprocessing = 0;
		};
		A909185D22CB0BFC003A5E96 /* Frameworks */ = {
			isa = PBXFrameworksBuildPhase;
			buildActionMask = 2147483647;
			files = (
			);
			runOnlyForDeploymentPostprocessing = 0;
		};
/* End PBXFrameworksBuildPhase section */

/* Begin PBXGroup section */
		44EE5C938CC294E80A0E92D0 /* Frameworks */ = {
			isa = PBXGroup;
			children = (
				DA938D9647761E432ACE1786 /* Pods_Example.framework */,
			);
			name = Frameworks;
			sourceTree = "<group>";
		};
		5B20857CF308FA481824E898 /* Pods */ = {
			isa = PBXGroup;
			children = (
				E97B1DD3BDE9DF1236EDCE05 /* Pods-Example.debug.xcconfig */,
				6F73C1B81088ED034F81F69C /* Pods-Example.release.xcconfig */,
			);
			name = Pods;
			sourceTree = "<group>";
		};
		A909183422CB0BFA003A5E96 = {
			isa = PBXGroup;
			children = (
				A909183F22CB0BFB003A5E96 /* Example */,
				A909185822CB0BFC003A5E96 /* ExampleTests */,
				A909186322CB0BFC003A5E96 /* ExampleUITests */,
				A909183E22CB0BFB003A5E96 /* Products */,
				5B20857CF308FA481824E898 /* Pods */,
				44EE5C938CC294E80A0E92D0 /* Frameworks */,
			);
			sourceTree = "<group>";
		};
		A909183E22CB0BFB003A5E96 /* Products */ = {
			isa = PBXGroup;
			children = (
				A909183D22CB0BFB003A5E96 /* Example.app */,
				A909185522CB0BFC003A5E96 /* ExampleTests.xctest */,
				A909186022CB0BFC003A5E96 /* ExampleUITests.xctest */,
			);
			name = Products;
			sourceTree = "<group>";
		};
		A909183F22CB0BFB003A5E96 /* Example */ = {
			isa = PBXGroup;
			children = (
				A956A7F122CF2538004EE4CB /* ResourceUtilityClass */,
				A909187322CB0CF9003A5E96 /* ResourceUtilityClass.podspec */,
				A909184022CB0BFB003A5E96 /* AppDelegate.h */,
				A909184122CB0BFB003A5E96 /* AppDelegate.m */,
				A956A84C22CF3CE3004EE4CB /* ViewController.h */,
				A956A84D22CF3CE3004EE4CB /* ViewController.m */,
				A909184622CB0BFB003A5E96 /* Main.storyboard */,
				A909184B22CB0BFB003A5E96 /* LaunchScreen.storyboard */,
				A909184E22CB0BFB003A5E96 /* Info.plist */,
				A909184F22CB0BFB003A5E96 /* main.m */,
			);
			path = Example;
			sourceTree = "<group>";
		};
		A909185822CB0BFC003A5E96 /* ExampleTests */ = {
			isa = PBXGroup;
			children = (
				A909185922CB0BFC003A5E96 /* ExampleTests.m */,
				A909185B22CB0BFC003A5E96 /* Info.plist */,
			);
			path = ExampleTests;
			sourceTree = "<group>";
		};
		A909186322CB0BFC003A5E96 /* ExampleUITests */ = {
			isa = PBXGroup;
			children = (
				A909186422CB0BFC003A5E96 /* ExampleUITests.m */,
				A909186622CB0BFC003A5E96 /* Info.plist */,
			);
			path = ExampleUITests;
			sourceTree = "<group>";
		};
		A956A7F122CF2538004EE4CB /* ResourceUtilityClass */ = {
			isa = PBXGroup;
			children = (
				A956A7F222CF2538004EE4CB /* Classes */,
				A956A81322CF2538004EE4CB /* Assets */,
			);
			path = ResourceUtilityClass;
			sourceTree = SOURCE_ROOT;
		};
		A956A7F222CF2538004EE4CB /* Classes */ = {
			isa = PBXGroup;
			children = (
				A956A7F322CF2538004EE4CB /* ResourceUtilityClass.h */,
				A956A80E22CF2538004EE4CB /* Header_M */,
				A956A7F922CF2538004EE4CB /* Object_M */,
				A956A80922CF2538004EE4CB /* Plist_M */,
				A956A7F422CF2538004EE4CB /* Tool_M */,
			);
			path = Classes;
			sourceTree = "<group>";
		};
		A956A7F422CF2538004EE4CB /* Tool_M */ = {
			isa = PBXGroup;
			children = (
				A956A7F522CF2538004EE4CB /* Helper.h */,
				A956A7F622CF2538004EE4CB /* Tool.m */,
				A956A7F722CF2538004EE4CB /* Helper.m */,
				A956A7F822CF2538004EE4CB /* Tool.h */,
			);
			path = Tool_M;
			sourceTree = "<group>";
		};
		A956A7F922CF2538004EE4CB /* Object_M */ = {
			isa = PBXGroup;
			children = (
				A956A7FA22CF2538004EE4CB /* NSArray+Tool.h */,
				A956A80222CF2538004EE4CB /* NSArray+Tool.m */,
				A956A80122CF2538004EE4CB /* NSDate+TimeInterVal.h */,
				A956A7FB22CF2538004EE4CB /* NSDate+TimeInterVal.m */,
				A956A7FC22CF2538004EE4CB /* NSDictionary+Tool.h */,
				A956A80522CF2538004EE4CB /* NSDictionary+Tool.m */,
				A956A80322CF2538004EE4CB /* NSMutableAttributedString+Tool.h */,
				A956A7FE22CF2538004EE4CB /* NSMutableAttributedString+Tool.m */,
				A956A80722CF2538004EE4CB /* NSString+Tool.h */,
				A956A80022CF2538004EE4CB /* NSString+Tool.m */,
				A956A7FD22CF2538004EE4CB /* UIImage+Tool.h */,
				A956A80422CF2538004EE4CB /* UIImage+Tool.m */,
				A956A80622CF2538004EE4CB /* UIView+Layout.h */,
				A956A7FF22CF2538004EE4CB /* UIView+Layout.m */,
			);
			path = Object_M;
			sourceTree = "<group>";
		};
		A956A80922CF2538004EE4CB /* Plist_M */ = {
			isa = PBXGroup;
			children = (
				A956A80A22CF2538004EE4CB /* locationCitydict.plist */,
				A956A80B22CF2538004EE4CB /* citySearch.plist */,
				A956A80C22CF2538004EE4CB /* citySelect.plist */,
			);
			path = Plist_M;
			sourceTree = "<group>";
		};
		A956A80E22CF2538004EE4CB /* Header_M */ = {
			isa = PBXGroup;
			children = (
				A956A80F22CF2538004EE4CB /* RequestAPIHeader.h */,
				A956A81022CF2538004EE4CB /* MacroHeader.h */,
			);
			path = Header_M;
			sourceTree = "<group>";
		};
		A956A81322CF2538004EE4CB /* Assets */ = {
			isa = PBXGroup;
			children = (
				A956A81422CF2538004EE4CB /* Image.xcassets */,
				A956A81522CF2538004EE4CB /* .gitkeep */,
			);
			path = Assets;
			sourceTree = "<group>";
		};
/* End PBXGroup section */

/* Begin PBXNativeTarget section */
		A909183C22CB0BFB003A5E96 /* Example */ = {
			isa = PBXNativeTarget;
			buildConfigurationList = A909186922CB0BFC003A5E96 /* Build configuration list for PBXNativeTarget "Example" */;
			buildPhases = (
				B3084A0A34A178E8E31D38BD /* [CP] Check Pods Manifest.lock */,
				A909183922CB0BFB003A5E96 /* Sources */,
				A909183A22CB0BFB003A5E96 /* Frameworks */,
				A909183B22CB0BFB003A5E96 /* Resources */,
				8F5155416204A2558EEB25F2 /* [CP] Embed Pods Frameworks */,
			);
			buildRules = (
			);
			dependencies = (
			);
			name = Example;
			productName = Example;
			productReference = A909183D22CB0BFB003A5E96 /* Example.app */;
			productType = "com.apple.product-type.application";
		};
		A909185422CB0BFC003A5E96 /* ExampleTests */ = {
			isa = PBXNativeTarget;
			buildConfigurationList = A909186C22CB0BFC003A5E96 /* Build configuration list for PBXNativeTarget "ExampleTests" */;
			buildPhases = (
				A909185122CB0BFC003A5E96 /* Sources */,
				A909185222CB0BFC003A5E96 /* Frameworks */,
				A909185322CB0BFC003A5E96 /* Resources */,
			);
			buildRules = (
			);
			dependencies = (
				A909185722CB0BFC003A5E96 /* PBXTargetDependency */,
			);
			name = ExampleTests;
			productName = ExampleTests;
			productReference = A909185522CB0BFC003A5E96 /* ExampleTests.xctest */;
			productType = "com.apple.product-type.bundle.unit-test";
		};
		A909185F22CB0BFC003A5E96 /* ExampleUITests */ = {
			isa = PBXNativeTarget;
			buildConfigurationList = A909186F22CB0BFC003A5E96 /* Build configuration list for PBXNativeTarget "ExampleUITests" */;
			buildPhases = (
				A909185C22CB0BFC003A5E96 /* Sources */,
				A909185D22CB0BFC003A5E96 /* Frameworks */,
				A909185E22CB0BFC003A5E96 /* Resources */,
			);
			buildRules = (
			);
			dependencies = (
				A909186222CB0BFC003A5E96 /* PBXTargetDependency */,
			);
			name = ExampleUITests;
			productName = ExampleUITests;
			productReference = A909186022CB0BFC003A5E96 /* ExampleUITests.xctest */;
			productType = "com.apple.product-type.bundle.ui-testing";
		};
/* End PBXNativeTarget section */

/* Begin PBXProject section */
		A909183522CB0BFA003A5E96 /* Project object */ = {
			isa = PBXProject;
			attributes = {
				LastUpgradeCheck = 1010;
				ORGANIZATIONNAME = Bill;
				TargetAttributes = {
					A909183C22CB0BFB003A5E96 = {
						CreatedOnToolsVersion = 10.1;
					};
					A909185422CB0BFC003A5E96 = {
						CreatedOnToolsVersion = 10.1;
						TestTargetID = A909183C22CB0BFB003A5E96;
					};
					A909185F22CB0BFC003A5E96 = {
						CreatedOnToolsVersion = 10.1;
						TestTargetID = A909183C22CB0BFB003A5E96;
					};
				};
			};
			buildConfigurationList = A909183822CB0BFA003A5E96 /* Build configuration list for PBXProject "Example" */;
			compatibilityVersion = "Xcode 9.3";
			developmentRegion = en;
			hasScannedForEncodings = 0;
			knownRegions = (
				en,
				Base,
			);
			mainGroup = A909183422CB0BFA003A5E96;
			productRefGroup = A909183E22CB0BFB003A5E96 /* Products */;
			projectDirPath = "";
			projectRoot = "";
			targets = (
				A909183C22CB0BFB003A5E96 /* Example */,
				A909185422CB0BFC003A5E96 /* ExampleTests */,
				A909185F22CB0BFC003A5E96 /* ExampleUITests */,
			);
		};
/* End PBXProject section */

/* Begin PBXResourcesBuildPhase section */
		A909183B22CB0BFB003A5E96 /* Resources */ = {
			isa = PBXResourcesBuildPhase;
			buildActionMask = 2147483647;
			files = (
				A956A82122CF2539004EE4CB /* citySearch.plist in Resources */,
				A909184D22CB0BFB003A5E96 /* LaunchScreen.storyboard in Resources */,
				A909187422CB0CF9003A5E96 /* ResourceUtilityClass.podspec in Resources */,
				A956A82222CF2539004EE4CB /* citySelect.plist in Resources */,
				A956A82022CF2539004EE4CB /* locationCitydict.plist in Resources */,
				A956A82422CF2539004EE4CB /* Image.xcassets in Resources */,
				A909184822CB0BFB003A5E96 /* Main.storyboard in Resources */,
				A956A82522CF2539004EE4CB /* .gitkeep in Resources */,
			);
			runOnlyForDeploymentPostprocessing = 0;
		};
		A909185322CB0BFC003A5E96 /* Resources */ = {
			isa = PBXResourcesBuildPhase;
			buildActionMask = 2147483647;
			files = (
			);
			runOnlyForDeploymentPostprocessing = 0;
		};
		A909185E22CB0BFC003A5E96 /* Resources */ = {
			isa = PBXResourcesBuildPhase;
			buildActionMask = 2147483647;
			files = (
			);
			runOnlyForDeploymentPostprocessing = 0;
		};
/* End PBXResourcesBuildPhase section */

/* Begin PBXShellScriptBuildPhase section */
		8F5155416204A2558EEB25F2 /* [CP] Embed Pods Frameworks */ = {
			isa = PBXShellScriptBuildPhase;
			buildActionMask = 2147483647;
			files = (
			);
			inputPaths = (
				"${SRCROOT}/Pods/Target Support Files/Pods-Example/Pods-Example-frameworks.sh",
				"${BUILT_PRODUCTS_DIR}/ResourceUtilityClass/ResourceUtilityClass.framework",
			);
			name = "[CP] Embed Pods Frameworks";
			outputPaths = (
				"${TARGET_BUILD_DIR}/${FRAMEWORKS_FOLDER_PATH}/ResourceUtilityClass.framework",
			);
			runOnlyForDeploymentPostprocessing = 0;
			shellPath = /bin/sh;
			shellScript = "\"${SRCROOT}/Pods/Target Support Files/Pods-Example/Pods-Example-frameworks.sh\"\n";
			showEnvVarsInLog = 0;
		};
		B3084A0A34A178E8E31D38BD /* [CP] Check Pods Manifest.lock */ = {
			isa = PBXShellScriptBuildPhase;
			buildActionMask = 2147483647;
			files = (
			);
			inputPaths = (
				"${PODS_PODFILE_DIR_PATH}/Podfile.lock",
				"${PODS_ROOT}/Manifest.lock",
			);
			name = "[CP] Check Pods Manifest.lock";
			outputPaths = (
				"$(DERIVED_FILE_DIR)/Pods-Example-checkManifestLockResult.txt",
			);
			runOnlyForDeploymentPostprocessing = 0;
			shellPath = /bin/sh;
			shellScript = "diff \"${PODS_PODFILE_DIR_PATH}/Podfile.lock\" \"${PODS_ROOT}/Manifest.lock\" > /dev/null\nif [ $? != 0 ] ; then\n    # print error to STDERR\n    echo \"error: The sandbox is not in sync with the Podfile.lock. Run 'pod install' or update your CocoaPods installation.\" >&2\n    exit 1\nfi\n# This output is used by Xcode 'outputs' to avoid re-running this script phase.\necho \"SUCCESS\" > \"${SCRIPT_OUTPUT_FILE_0}\"\n";
			showEnvVarsInLog = 0;
		};
/* End PBXShellScriptBuildPhase section */

/* Begin PBXSourcesBuildPhase section */
		A909183922CB0BFB003A5E96 /* Sources */ = {
			isa = PBXSourcesBuildPhase;
			buildActionMask = 2147483647;
			files = (
				A956A81822CF2539004EE4CB /* NSDate+TimeInterVal.m in Sources */,
				A956A81E22CF2539004EE4CB /* NSDictionary+Tool.m in Sources */,
				A909185022CB0BFB003A5E96 /* main.m in Sources */,
				A909184222CB0BFB003A5E96 /* AppDelegate.m in Sources */,
				A956A81B22CF2539004EE4CB /* NSString+Tool.m in Sources */,
				A956A81A22CF2539004EE4CB /* UIView+Layout.m in Sources */,
				A956A84E22CF3CE3004EE4CB /* ViewController.m in Sources */,
				A956A81C22CF2539004EE4CB /* NSArray+Tool.m in Sources */,
				A956A81622CF2539004EE4CB /* Tool.m in Sources */,
				A956A81722CF2539004EE4CB /* Helper.m in Sources */,
				A956A81D22CF2539004EE4CB /* UIImage+Tool.m in Sources */,
				A956A81922CF2539004EE4CB /* NSMutableAttributedString+Tool.m in Sources */,
			);
			runOnlyForDeploymentPostprocessing = 0;
		};
		A909185122CB0BFC003A5E96 /* Sources */ = {
			isa = PBXSourcesBuildPhase;
			buildActionMask = 2147483647;
			files = (
				A909185A22CB0BFC003A5E96 /* ExampleTests.m in Sources */,
			);
			runOnlyForDeploymentPostprocessing = 0;
		};
		A909185C22CB0BFC003A5E96 /* Sources */ = {
			isa = PBXSourcesBuildPhase;
			buildActionMask = 2147483647;
			files = (
				A909186522CB0BFC003A5E96 /* ExampleUITests.m in Sources */,
			);
			runOnlyForDeploymentPostprocessing = 0;
		};
/* End PBXSourcesBuildPhase section */

/* Begin PBXTargetDependency section */
		A909185722CB0BFC003A5E96 /* PBXTargetDependency */ = {
			isa = PBXTargetDependency;
			target = A909183C22CB0BFB003A5E96 /* Example */;
			targetProxy = A909185622CB0BFC003A5E96 /* PBXContainerItemProxy */;
		};
		A909186222CB0BFC003A5E96 /* PBXTargetDependency */ = {
			isa = PBXTargetDependency;
			target = A909183C22CB0BFB003A5E96 /* Example */;
			targetProxy = A909186122CB0BFC003A5E96 /* PBXContainerItemProxy */;
		};
/* End PBXTargetDependency section */

/* Begin PBXVariantGroup section */
		A909184622CB0BFB003A5E96 /* Main.storyboard */ = {
			isa = PBXVariantGroup;
			children = (
				A909184722CB0BFB003A5E96 /* Base */,
			);
			name = Main.storyboard;
			sourceTree = "<group>";
		};
		A909184B22CB0BFB003A5E96 /* LaunchScreen.storyboard */ = {
			isa = PBXVariantGroup;
			children = (
				A909184C22CB0BFB003A5E96 /* Base */,
			);
			name = LaunchScreen.storyboard;
			sourceTree = "<group>";
		};
/* End PBXVariantGroup section */

/* Begin XCBuildConfiguration section */
		A909186722CB0BFC003A5E96 /* Debug */ = {
			isa = XCBuildConfiguration;
			buildSettings = {
				ALWAYS_SEARCH_USER_PATHS = NO;
				CLANG_ANALYZER_NONNULL = YES;
				CLANG_ANALYZER_NUMBER_OBJECT_CONVERSION = YES_AGGRESSIVE;
				CLANG_CXX_LANGUAGE_STANDARD = "gnu++14";
				CLANG_CXX_LIBRARY = "libc++";
				CLANG_ENABLE_MODULES = YES;
				CLANG_ENABLE_OBJC_ARC = YES;
				CLANG_ENABLE_OBJC_WEAK = YES;
				CLANG_WARN_BLOCK_CAPTURE_AUTORELEASING = YES;
				CLANG_WARN_BOOL_CONVERSION = YES;
				CLANG_WARN_COMMA = YES;
				CLANG_WARN_CONSTANT_CONVERSION = YES;
				CLANG_WARN_DEPRECATED_OBJC_IMPLEMENTATIONS = YES;
				CLANG_WARN_DIRECT_OBJC_ISA_USAGE = YES_ERROR;
				CLANG_WARN_DOCUMENTATION_COMMENTS = YES;
				CLANG_WARN_EMPTY_BODY = YES;
				CLANG_WARN_ENUM_CONVERSION = YES;
				CLANG_WARN_INFINITE_RECURSION = YES;
				CLANG_WARN_INT_CONVERSION = YES;
				CLANG_WARN_NON_LITERAL_NULL_CONVERSION = YES;
				CLANG_WARN_OBJC_IMPLICIT_RETAIN_SELF = YES;
				CLANG_WARN_OBJC_LITERAL_CONVERSION = YES;
				CLANG_WARN_OBJC_ROOT_CLASS = YES_ERROR;
				CLANG_WARN_RANGE_LOOP_ANALYSIS = YES;
				CLANG_WARN_STRICT_PROTOTYPES = YES;
				CLANG_WARN_SUSPICIOUS_MOVE = YES;
				CLANG_WARN_UNGUARDED_AVAILABILITY = YES_AGGRESSIVE;
				CLANG_WARN_UNREACHABLE_CODE = YES;
				CLANG_WARN__DUPLICATE_METHOD_MATCH = YES;
				CODE_SIGN_IDENTITY = "iPhone Developer";
				COPY_PHASE_STRIP = NO;
				DEBUG_INFORMATION_FORMAT = dwarf;
				ENABLE_STRICT_OBJC_MSGSEND = YES;
				ENABLE_TESTABILITY = YES;
				GCC_C_LANGUAGE_STANDARD = gnu11;
				GCC_DYNAMIC_NO_PIC = NO;
				GCC_NO_COMMON_BLOCKS = YES;
				GCC_OPTIMIZATION_LEVEL = 0;
				GCC_PREPROCESSOR_DEFINITIONS = (
					"DEBUG=1",
					"$(inherited)",
				);
				GCC_WARN_64_TO_32_BIT_CONVERSION = YES;
				GCC_WARN_ABOUT_RETURN_TYPE = YES_ERROR;
				GCC_WARN_UNDECLARED_SELECTOR = YES;
				GCC_WARN_UNINITIALIZED_AUTOS = YES_AGGRESSIVE;
				GCC_WARN_UNUSED_FUNCTION = YES;
				GCC_WARN_UNUSED_VARIABLE = YES;
				IPHONEOS_DEPLOYMENT_TARGET = 12.1;
				MTL_ENABLE_DEBUG_INFO = INCLUDE_SOURCE;
				MTL_FAST_MATH = YES;
				ONLY_ACTIVE_ARCH = YES;
				SDKROOT = iphoneos;
			};
			name = Debug;
		};
		A909186822CB0BFC003A5E96 /* Release */ = {
			isa = XCBuildConfiguration;
			buildSettings = {
				ALWAYS_SEARCH_USER_PATHS = NO;
				CLANG_ANALYZER_NONNULL = YES;
				CLANG_ANALYZER_NUMBER_OBJECT_CONVERSION = YES_AGGRESSIVE;
				CLANG_CXX_LANGUAGE_STANDARD = "gnu++14";
				CLANG_CXX_LIBRARY = "libc++";
				CLANG_ENABLE_MODULES = YES;
				CLANG_ENABLE_OBJC_ARC = YES;
				CLANG_ENABLE_OBJC_WEAK = YES;
				CLANG_WARN_BLOCK_CAPTURE_AUTORELEASING = YES;
				CLANG_WARN_BOOL_CONVERSION = YES;
				CLANG_WARN_COMMA = YES;
				CLANG_WARN_CONSTANT_CONVERSION = YES;
				CLANG_WARN_DEPRECATED_OBJC_IMPLEMENTATIONS = YES;
				CLANG_WARN_DIRECT_OBJC_ISA_USAGE = YES_ERROR;
				CLANG_WARN_DOCUMENTATION_COMMENTS = YES;
				CLANG_WARN_EMPTY_BODY = YES;
				CLANG_WARN_ENUM_CONVERSION = YES;
				CLANG_WARN_INFINITE_RECURSION = YES;
				CLANG_WARN_INT_CONVERSION = YES;
				CLANG_WARN_NON_LITERAL_NULL_CONVERSION = YES;
				CLANG_WARN_OBJC_IMPLICIT_RETAIN_SELF = YES;
				CLANG_WARN_OBJC_LITERAL_CONVERSION = YES;
				CLANG_WARN_OBJC_ROOT_CLASS = YES_ERROR;
				CLANG_WARN_RANGE_LOOP_ANALYSIS = YES;
				CLANG_WARN_STRICT_PROTOTYPES = YES;
				CLANG_WARN_SUSPICIOUS_MOVE = YES;
				CLANG_WARN_UNGUARDED_AVAILABILITY = YES_AGGRESSIVE;
				CLANG_WARN_UNREACHABLE_CODE = YES;
				CLANG_WARN__DUPLICATE_METHOD_MATCH = YES;
				CODE_SIGN_IDENTITY = "iPhone Developer";
				COPY_PHASE_STRIP = NO;
				DEBUG_INFORMATION_FORMAT = "dwarf-with-dsym";
				ENABLE_NS_ASSERTIONS = NO;
				ENABLE_STRICT_OBJC_MSGSEND = YES;
				GCC_C_LANGUAGE_STANDARD = gnu11;
				GCC_NO_COMMON_BLOCKS = YES;
				GCC_WARN_64_TO_32_BIT_CONVERSION = YES;
				GCC_WARN_ABOUT_RETURN_TYPE = YES_ERROR;
				GCC_WARN_UNDECLARED_SELECTOR = YES;
				GCC_WARN_UNINITIALIZED_AUTOS = YES_AGGRESSIVE;
				GCC_WARN_UNUSED_FUNCTION = YES;
				GCC_WARN_UNUSED_VARIABLE = YES;
				IPHONEOS_DEPLOYMENT_TARGET = 12.1;
				MTL_ENABLE_DEBUG_INFO = NO;
				MTL_FAST_MATH = YES;
				SDKROOT = iphoneos;
				VALIDATE_PRODUCT = YES;
			};
			name = Release;
		};
		A909186A22CB0BFC003A5E96 /* Debug */ = {
			isa = XCBuildConfiguration;
			baseConfigurationReference = E97B1DD3BDE9DF1236EDCE05 /* Pods-Example.debug.xcconfig */;
			buildSettings = {
				ASSETCATALOG_COMPILER_APPICON_NAME = AppIcon;
				CODE_SIGN_STYLE = Automatic;
				GCC_GENERATE_DEBUGGING_SYMBOLS = YES;
				GCC_PREFIX_HEADER = "";
				INFOPLIST_FILE = Example/Info.plist;
				IPHONEOS_DEPLOYMENT_TARGET = 9.0;
				LD_RUNPATH_SEARCH_PATHS = (
					"$(inherited)",
					"@executable_path/Frameworks",
				);
				PRODUCT_BUNDLE_IDENTIFIER = com.bi.yong.Example;
				PRODUCT_NAME = "$(TARGET_NAME)";
				TARGETED_DEVICE_FAMILY = "1,2";
			};
			name = Debug;
		};
		A909186B22CB0BFC003A5E96 /* Release */ = {
			isa = XCBuildConfiguration;
			baseConfigurationReference = 6F73C1B81088ED034F81F69C /* Pods-Example.release.xcconfig */;
			buildSettings = {
				ASSETCATALOG_COMPILER_APPICON_NAME = AppIcon;
				CODE_SIGN_STYLE = Automatic;
				GCC_GENERATE_DEBUGGING_SYMBOLS = YES;
				GCC_PREFIX_HEADER = "";
				INFOPLIST_FILE = Example/Info.plist;
				IPHONEOS_DEPLOYMENT_TARGET = 9.0;
				LD_RUNPATH_SEARCH_PATHS = (
					"$(inherited)",
					"@executable_path/Frameworks",
				);
				PRODUCT_BUNDLE_IDENTIFIER = com.bi.yong.Example;
				PRODUCT_NAME = "$(TARGET_NAME)";
				TARGETED_DEVICE_FAMILY = "1,2";
			};
			name = Release;
		};
		A909186D22CB0BFC003A5E96 /* Debug */ = {
			isa = XCBuildConfiguration;
			buildSettings = {
				BUNDLE_LOADER = "$(TEST_HOST)";
				CODE_SIGN_STYLE = Automatic;
				INFOPLIST_FILE = ExampleTests/Info.plist;
				LD_RUNPATH_SEARCH_PATHS = (
					"$(inherited)",
					"@executable_path/Frameworks",
					"@loader_path/Frameworks",
				);
				PRODUCT_BUNDLE_IDENTIFIER = com.bi.yong.ExampleTests;
				PRODUCT_NAME = "$(TARGET_NAME)";
				TARGETED_DEVICE_FAMILY = "1,2";
				TEST_HOST = "$(BUILT_PRODUCTS_DIR)/Example.app/Example";
			};
			name = Debug;
		};
		A909186E22CB0BFC003A5E96 /* Release */ = {
			isa = XCBuildConfiguration;
			buildSettings = {
				BUNDLE_LOADER = "$(TEST_HOST)";
				CODE_SIGN_STYLE = Automatic;
				INFOPLIST_FILE = ExampleTests/Info.plist;
				LD_RUNPATH_SEARCH_PATHS = (
					"$(inherited)",
					"@executable_path/Frameworks",
					"@loader_path/Frameworks",
				);
				PRODUCT_BUNDLE_IDENTIFIER = com.bi.yong.ExampleTests;
				PRODUCT_NAME = "$(TARGET_NAME)";
				TARGETED_DEVICE_FAMILY = "1,2";
				TEST_HOST = "$(BUILT_PRODUCTS_DIR)/Example.app/Example";
			};
			name = Release;
		};
		A909187022CB0BFC003A5E96 /* Debug */ = {
			isa = XCBuildConfiguration;
			buildSettings = {
				CODE_SIGN_STYLE = Automatic;
				INFOPLIST_FILE = ExampleUITests/Info.plist;
				LD_RUNPATH_SEARCH_PATHS = (
					"$(inherited)",
					"@executable_path/Frameworks",
					"@loader_path/Frameworks",
				);
				PRODUCT_BUNDLE_IDENTIFIER = com.bi.yong.ExampleUITests;
				PRODUCT_NAME = "$(TARGET_NAME)";
				TARGETED_DEVICE_FAMILY = "1,2";
				TEST_TARGET_NAME = Example;
			};
			name = Debug;
		};
		A909187122CB0BFC003A5E96 /* Release */ = {
			isa = XCBuildConfiguration;
			buildSettings = {
				CODE_SIGN_STYLE = Automatic;
				INFOPLIST_FILE = ExampleUITests/Info.plist;
				LD_RUNPATH_SEARCH_PATHS = (
					"$(inherited)",
					"@executable_path/Frameworks",
					"@loader_path/Frameworks",
				);
				PRODUCT_BUNDLE_IDENTIFIER = com.bi.yong.ExampleUITests;
				PRODUCT_NAME = "$(TARGET_NAME)";
				TARGETED_DEVICE_FAMILY = "1,2";
				TEST_TARGET_NAME = Example;
			};
			name = Release;
		};
/* End XCBuildConfiguration section */

/* Begin XCConfigurationList section */
		A909183822CB0BFA003A5E96 /* Build configuration list for PBXProject "Example" */ = {
			isa = XCConfigurationList;
			buildConfigurations = (
				A909186722CB0BFC003A5E96 /* Debug */,
				A909186822CB0BFC003A5E96 /* Release */,
			);
			defaultConfigurationIsVisible = 0;
			defaultConfigurationName = Release;
		};
		A909186922CB0BFC003A5E96 /* Build configuration list for PBXNativeTarget "Example" */ = {
			isa = XCConfigurationList;
			buildConfigurations = (
				A909186A22CB0BFC003A5E96 /* Debug */,
				A909186B22CB0BFC003A5E96 /* Release */,
			);
			defaultConfigurationIsVisible = 0;
			defaultConfigurationName = Release;
		};
		A909186C22CB0BFC003A5E96 /* Build configuration list for PBXNativeTarget "ExampleTests" */ = {
			isa = XCConfigurationList;
			buildConfigurations = (
				A909186D22CB0BFC003A5E96 /* Debug */,
				A909186E22CB0BFC003A5E96 /* Release */,
			);
			defaultConfigurationIsVisible = 0;
			defaultConfigurationName = Release;
		};
		A909186F22CB0BFC003A5E96 /* Build configuration list for PBXNativeTarget "ExampleUITests" */ = {
			isa = XCConfigurationList;
			buildConfigurations = (
				A909187022CB0BFC003A5E96 /* Debug */,
				A909187122CB0BFC003A5E96 /* Release */,
			);
			defaultConfigurationIsVisible = 0;
			defaultConfigurationName = Release;
		};
/* End XCConfigurationList section */
	};
	rootObject = A909183522CB0BFA003A5E96 /* Project object */;
}
